
Microsoft Visual Studio Solution File, Format Version 12.00
# Visual Studio Version 17
VisualStudioVersion = 17.11.35222.181
MinimumVisualStudioVersion = 10.0.40219.1
Project("{FAE04EC0-301F-11D3-BF4B-00C04F79EFBC}") = "QuizGameApp", "QuizGameApp\QuizGameApp.csproj", "{91F085B5-2244-49CA-AFF6-640BE64E6445}"
EndProject
Global
	GlobalSection(SolutionConfigurationPlatforms) = preSolution
		Debug|Any CPU = Debug|Any CPU
		Release|Any CPU = Release|Any CPU
	EndGlobalSection
	GlobalSection(ProjectConfigurationPlatforms) = postSolution
		{91F085B5-2244-49CA-AFF6-640BE64E6445}.Debug|Any CPU.ActiveCfg = Debug|Any CPU
		{91F085B5-2244-49CA-AFF6-640BE64E6445}.Debug|Any CPU.Build.0 = Debug|Any CPU
		{91F085B5-2244-49CA-AFF6-640BE64E6445}.Release|Any CPU.ActiveCfg = Release|Any CPU
		{91F085B5-2244-49CA-AFF6-640BE64E6445}.Release|Any CPU.Build.0 = Release|Any CPU
	EndGlobalSection
	GlobalSection(SolutionProperties) = preSolution
		HideSolutionNode = FALSE
	EndGlobalSection
	GlobalSection(ExtensibilityGlobals) = postSolution
		SolutionGuid = {39B30854-73E5-4E8B-B6A5-94AD7B87336C}
	EndGlobalSection
EndGlobal
